
Microsoft Visual Studio Solution File, Format Version 12.00
# Visual Studio Version 16
VisualStudioVersion = 16.0.33423.256
MinimumVisualStudioVersion = 10.0.40219.1
Project("{FAE04EC0-301F-11D3-BF4B-00C04F79EFBC}") = "businessApplication", "businessApplication\businessApplication.csproj", "{221006A4-008A-4936-A804-71C84E619FD1}"
EndProject
Global
	GlobalSection(SolutionConfigurationPlatforms) = preSolution
		Debug|Any CPU = Debug|Any CPU
		Release|Any CPU = Release|Any CPU
	EndGlobalSection
	GlobalSection(ProjectConfigurationPlatforms) = postSolution
		{221006A4-008A-4936-A804-71C84E619FD1}.Debug|Any CPU.ActiveCfg = Debug|Any CPU
		{221006A4-008A-4936-A804-71C84E619FD1}.Debug|Any CPU.Build.0 = Debug|Any CPU
		{221006A4-008A-4936-A804-71C84E619FD1}.Release|Any CPU.ActiveCfg = Release|Any CPU
		{221006A4-008A-4936-A804-71C84E619FD1}.Release|Any CPU.Build.0 = Release|Any CPU
	EndGlobalSection
	GlobalSection(SolutionProperties) = preSolution
		HideSolutionNode = FALSE
	EndGlobalSection
	GlobalSection(ExtensibilityGlobals) = postSolution
		SolutionGuid = {89D6B07C-4545-4C4E-9A8D-086AD874A334}
	EndGlobalSection
EndGlobal
